
Microsoft Visual Studio Solution File, Format Version 12.00
# Visual Studio Version 17
VisualStudioVersion = 17.14.36221.1 d17.14
MinimumVisualStudioVersion = 10.0.40219.1
Project("{FAE04EC0-301F-11D3-BF4B-00C04F79EFBC}") = "TodoListApp", "TodoListApp.csproj", "{81F728E5-9370-467A-BE3D-6072E8578069}"
EndProject
Global
	GlobalSection(SolutionConfigurationPlatforms) = preSolution
		Debug|Any CPU = Debug|Any CPU
		Release|Any CPU = Release|Any CPU
	EndGlobalSection
	GlobalSection(ProjectConfigurationPlatforms) = postSolution
		{81F728E5-9370-467A-BE3D-6072E8578069}.Debug|Any CPU.ActiveCfg = Debug|Any CPU
		{81F728E5-9370-467A-BE3D-6072E8578069}.Debug|Any CPU.Build.0 = Debug|Any CPU
		{81F728E5-9370-467A-BE3D-6072E8578069}.Release|Any CPU.ActiveCfg = Release|Any CPU
		{81F728E5-9370-467A-BE3D-6072E8578069}.Release|Any CPU.Build.0 = Release|Any CPU
	EndGlobalSection
	GlobalSection(SolutionProperties) = preSolution
		HideSolutionNode = FALSE
	EndGlobalSection
	GlobalSection(ExtensibilityGlobals) = postSolution
		SolutionGuid = {55C032DC-6220-4D27-8B4F-BF294A69B1AD}
	EndGlobalSection
EndGlobal
